{
  "projects": [
    {
      "projectId": "58GpZjZCWTaJ8AUhpCwt2K",
      "version": "3.16.0",
      "dependencies": {},
      "lang": "ts",
      "fileLocks": [
        {
          "assetId": "58GpZjZCWTaJ8AUhpCwt2K",
          "type": "projectCss",
          "checksum": "fd84921cc10936e6ceb458c2ae01c4bd"
        }
      ],
      "codegenVersion": "0.0.1"
    },
    {
      "projectId": "7nJ7UcFmq9UzB6eXfC5z4a",
      "version": "0.17.0",
      "dependencies": {},
      "lang": "ts",
      "fileLocks": [
        {
          "assetId": "7nJ7UcFmq9UzB6eXfC5z4a",
          "type": "projectCss",
          "checksum": "05587b57f22f0ec8bb54543deb39762e"
        }
      ],
      "codegenVersion": "0.0.1"
    },
    {
      "projectId": "caTPwKxj5ZrD9LQ7DMdK4Z",
      "version": "3.19.0",
      "dependencies": {},
      "lang": "ts",
      "fileLocks": [
        {
          "assetId": "caTPwKxj5ZrD9LQ7DMdK4Z",
          "type": "projectCss",
          "checksum": "9fe64c4dd8439ba4d2df6de161f0ad40"
        }
      ],
      "codegenVersion": "0.0.1"
    },
    {
      "projectId": "dJqK6LEBeKixAKagJBAmzL",
      "version": "latest",
      "dependencies": {
        "caTPwKxj5ZrD9LQ7DMdK4Z": "3.19.0",
        "7nJ7UcFmq9UzB6eXfC5z4a": "0.17.0",
        "58GpZjZCWTaJ8AUhpCwt2K": "3.16.0"
      },
      "lang": "ts",
      "fileLocks": [
        {
          "type": "globalVariant",
          "assetId": "vWLFN14Jm89IN",
          "checksum": "94e1875f364c29be12b595dab4502c0a"
        },
        {
          "assetId": "dJqK6LEBeKixAKagJBAmzL",
          "type": "projectCss",
          "checksum": "0a30f682b7204175ab3a58383f328516"
        },
        {
          "type": "renderModule",
          "assetId": "S-EPZS57Iq32",
          "checksum": "6553ea4502cd0d44fd70c780845ee8c3"
        },
        {
          "type": "cssRules",
          "assetId": "S-EPZS57Iq32",
          "checksum": "6553ea4502cd0d44fd70c780845ee8c3"
        },
        {
          "type": "renderModule",
          "assetId": "R7FQakg198I",
          "checksum": "9bdd15fbb4e322176c7bb31e12fe78e0"
        },
        {
          "type": "cssRules",
          "assetId": "R7FQakg198I",
          "checksum": "9bdd15fbb4e322176c7bb31e12fe78e0"
        },
        {
          "type": "renderModule",
          "assetId": "ThJz7UjPOLc",
          "checksum": "e2c70bd89ff2fada0ba61a213100a427"
        },
        {
          "type": "cssRules",
          "assetId": "ThJz7UjPOLc",
          "checksum": "e2c70bd89ff2fada0ba61a213100a427"
        },
        {
          "type": "renderModule",
          "assetId": "l7JCXcEFvGg",
          "checksum": "6a9b7f2e14d536ecac293c0439eb8c42"
        },
        {
          "type": "cssRules",
          "assetId": "l7JCXcEFvGg",
          "checksum": "6a9b7f2e14d536ecac293c0439eb8c42"
        },
        {
          "type": "renderModule",
          "assetId": "DybXCSmk6J",
          "checksum": "ff5be4797db995ac9518218b790c4c6e"
        },
        {
          "type": "cssRules",
          "assetId": "DybXCSmk6J",
          "checksum": "ff5be4797db995ac9518218b790c4c6e"
        },
        {
          "type": "icon",
          "assetId": "WhOp2OsiY-D",
          "checksum": "1b1eb30bc53331a488bc526e027abded"
        },
        {
          "type": "icon",
          "assetId": "g3M_pomcN7I",
          "checksum": "2fa5cb7f348327bae553b5bc405508d0"
        },
        {
          "type": "icon",
          "assetId": "4gS4A9ceiGe",
          "checksum": "2ca8dcb159efb8ed6cd41cb80adeb3fe"
        },
        {
          "type": "icon",
          "assetId": "XTdEHy648t",
          "checksum": "878878f852e86ae5ad1db38c6a74c818"
        },
        {
          "type": "icon",
          "assetId": "3wjTpps_Fo",
          "checksum": "5370c8084364787685ab7f7b6ad5954e"
        },
        {
          "type": "icon",
          "assetId": "IYcwKk4Nul",
          "checksum": "c342e062d2ddcf951d3c5358f2e36c26"
        },
        {
          "type": "icon",
          "assetId": "V54Kju9r17",
          "checksum": "0a3f9a02eb8c9deb386232b14f74d183"
        },
        {
          "type": "icon",
          "assetId": "lDkdlle9aD",
          "checksum": "2fa509f29b578e13fb6285466a16b1d3"
        },
        {
          "type": "icon",
          "assetId": "iDs7aDQs7T",
          "checksum": "0e1181524d0244439336a3878d8f185a"
        },
        {
          "type": "icon",
          "assetId": "ljio8ldcWK",
          "checksum": "8d2c7707e5d66099bf38884c0c0f3a70"
        },
        {
          "type": "icon",
          "assetId": "fM-swEdfd",
          "checksum": "0cbea49f6a186d0fabce5aa6e78b2020"
        },
        {
          "type": "image",
          "assetId": "2cYJbruSqWoj",
          "checksum": "ab424325eeff2a55b69b20373162fdfd"
        },
        {
          "type": "image",
          "assetId": "wSilGcjgL",
          "checksum": "c02719174419ed334ee973f3cdef9a02"
        },
        {
          "type": "image",
          "assetId": "mtbPUlf8h",
          "checksum": "bd2f014617bf5f316fea6e77f8bd2dd4"
        },
        {
          "type": "image",
          "assetId": "9kj8jg8UD",
          "checksum": "3b7c87e7cc74020ababa867079963377"
        },
        {
          "type": "image",
          "assetId": "f2jHqjrcR",
          "checksum": "f823916a3060990ba329a72913963896"
        },
        {
          "type": "image",
          "assetId": "q5dmBnpIq",
          "checksum": "c87d8ed2465db262403b1c8670f3129f"
        },
        {
          "type": "image",
          "assetId": "vbHVvKtuH",
          "checksum": "e47750c9b1ecbf2fbd71501b40e21384"
        },
        {
          "type": "image",
          "assetId": "ZGHhE6bzy",
          "checksum": "eaec44d667069fe32b2b27356348e3d6"
        },
        {
          "type": "image",
          "assetId": "IRUc9KI0r",
          "checksum": "eb07421f85ec62ef447bac11c2a5c393"
        },
        {
          "type": "image",
          "assetId": "2ubSOhicI",
          "checksum": "840548197c1ac9513cf9ea79a52cd52b"
        },
        {
          "type": "image",
          "assetId": "wMQhbYXMX",
          "checksum": "6fa11a0e42d07ab1c1d09850e5c8ec2e"
        },
        {
          "type": "image",
          "assetId": "-A2jRWU8Q",
          "checksum": "ac6e749c03c8622c3e0b31f1eb5d151d"
        },
        {
          "type": "image",
          "assetId": "1Bws4u9W1",
          "checksum": "cc71dcc8fb74fdc856aecc0eecff3438"
        },
        {
          "type": "image",
          "assetId": "4yCu3sITc",
          "checksum": "3e75eee652c74befc5d7a3d26f550c6e"
        },
        {
          "type": "image",
          "assetId": "foubGjpRS",
          "checksum": "14c96b7a9b4d2a213cd80ebad0a789a2"
        },
        {
          "type": "image",
          "assetId": "m1HaaOFVf",
          "checksum": "b9990df066e55590faaa95cec3ae0317"
        },
        {
          "type": "image",
          "assetId": "Ds-L1-b1m",
          "checksum": "41284379f007adda3b52c3dc9b8f9539"
        },
        {
          "type": "image",
          "assetId": "ldvU_ySSA",
          "checksum": "9eb6884d5c88da079cf9df04f464a524"
        }
      ],
      "codegenVersion": "0.0.1"
    }
  ],
  "cliVersion": "0.1.286"
}
